{
  "requires": true,
  "lockfileVersion": 1,
  "dependencies": {
    "@babel/runtime": {
      "version": "7.9.6",
      "resolved": "https://registry.npmjs.org/@babel/runtime/-/runtime-7.9.6.tgz",
      "integrity": "sha512-64AF1xY3OAkFHqOb9s4jpgk1Mm5vDZ4L3acHvAml+53nO1XbXLuDodsVpO4OIUsmemlUHMxNdYMNJmsvOwLrvQ==",
      "requires": {
        "regenerator-runtime": "^0.13.4"
      }
    },
    "@emotion/hash": {
      "version": "0.8.0",
      "resolved": "https://registry.npmjs.org/@emotion/hash/-/hash-0.8.0.tgz",
      "integrity": "sha512-kBJtf7PH6aWwZ6fka3zQ0p6SBYzx4fl1LoZXE2RrnYST9Xljm7WfKJrU4g/Xr3Beg72MLrp1AWNUmuYJTL7Cow=="
    },
    "@material-ui/core": {
      "version": "4.9.14",
      "resolved": "https://registry.npmjs.org/@material-ui/core/-/core-4.9.14.tgz",
      "integrity": "sha512-71oYrOpInx5honJ9GzZlygPjmsFhn7Bui61/SWLJsPTkMnfvuZfU3qVqlEHjXyDsnZ+uKmLAIdsrOYnphJxxXw==",
      "requires": {
        "@babel/runtime": "^7.4.4",
        "@material-ui/styles": "^4.9.14",
        "@material-ui/system": "^4.9.14",
        "@material-ui/types": "^5.1.0",
        "@material-ui/utils": "^4.9.12",
        "@types/react-transition-group": "^4.2.0",
        "clsx": "^1.0.4",
        "hoist-non-react-statics": "^3.3.2",
        "popper.js": "^1.16.1-lts",
        "prop-types": "^15.7.2",
        "react-is": "^16.8.0",
        "react-transition-group": "^4.4.0"
      },
      "dependencies": {
        "hoist-non-react-statics": {
          "version": "3.3.2",
          "resolved": "https://registry.npmjs.org/hoist-non-react-statics/-/hoist-non-react-statics-3.3.2.tgz",
          "integrity": "sha512-/gGivxi8JPKWNm/W0jSmzcMPpfpPLc3dY/6GxhX2hQ9iGj3aDfklV4ET7NjKpSinLpJ5vafa9iiGIEZg10SfBw==",
          "requires": {
            "react-is": "^16.7.0"
          }
        }
      }
    },
    "@material-ui/lab": {
      "version": "4.0.0-alpha.53",
      "resolved": "https://registry.npmjs.org/@material-ui/lab/-/lab-4.0.0-alpha.53.tgz",
      "integrity": "sha512-D2lNbMj6ZcTCbI9yPnlhGW6D/STI2RRTdXFXCKrfWGAFWV27xevNlLNwBuk++mQ5TH9mcJAMI24ej15ztOZXCQ==",
      "requires": {
        "@babel/runtime": "^7.4.4",
        "@material-ui/utils": "^4.9.6",
        "clsx": "^1.0.4",
        "prop-types": "^15.7.2",
        "react-is": "^16.8.0"
      }
    },
    "@material-ui/styles": {
      "version": "4.9.14",
      "resolved": "https://registry.npmjs.org/@material-ui/styles/-/styles-4.9.14.tgz",
      "integrity": "sha512-zecwWKgRU2VzdmutNovPB4s5LKI0TWyZKc/AHfPu9iY8tg4UoLjpa4Rn9roYrRfuTbBZHI6b0BXcQ8zkis0nzQ==",
      "requires": {
        "@babel/runtime": "^7.4.4",
        "@emotion/hash": "^0.8.0",
        "@material-ui/types": "^5.1.0",
        "@material-ui/utils": "^4.9.6",
        "clsx": "^1.0.4",
        "csstype": "^2.5.2",
        "hoist-non-react-statics": "^3.3.2",
        "jss": "^10.0.3",
        "jss-plugin-camel-case": "^10.0.3",
        "jss-plugin-default-unit": "^10.0.3",
        "jss-plugin-global": "^10.0.3",
        "jss-plugin-nested": "^10.0.3",
        "jss-plugin-props-sort": "^10.0.3",
        "jss-plugin-rule-value-function": "^10.0.3",
        "jss-plugin-vendor-prefixer": "^10.0.3",
        "prop-types": "^15.7.2"
      },
      "dependencies": {
        "hoist-non-react-statics": {
          "version": "3.3.2",
          "resolved": "https://registry.npmjs.org/hoist-non-react-statics/-/hoist-non-react-statics-3.3.2.tgz",
          "integrity": "sha512-/gGivxi8JPKWNm/W0jSmzcMPpfpPLc3dY/6GxhX2hQ9iGj3aDfklV4ET7NjKpSinLpJ5vafa9iiGIEZg10SfBw==",
          "requires": {
            "react-is": "^16.7.0"
          }
        }
      }
    },
    "@material-ui/system": {
      "version": "4.9.14",
      "resolved": "https://registry.npmjs.org/@material-ui/system/-/system-4.9.14.tgz",
      "integrity": "sha512-oQbaqfSnNlEkXEziDcJDDIy8pbvwUmZXWNqlmIwDqr/ZdCK8FuV3f4nxikUh7hvClKV2gnQ9djh5CZFTHkZj3w==",
      "requires": {
        "@babel/runtime": "^7.4.4",
        "@material-ui/utils": "^4.9.6",
        "csstype": "^2.5.2",
        "prop-types": "^15.7.2"
      }
    },
    "@material-ui/types": {
      "version": "5.1.0",
      "resolved": "https://registry.npmjs.org/@material-ui/types/-/types-5.1.0.tgz",
      "integrity": "sha512-7cqRjrY50b8QzRSYyhSpx4WRw2YuO0KKIGQEVk5J8uoz2BanawykgZGoWEqKm7pVIbzFDN0SpPcVV4IhOFkl8A=="
    },
    "@material-ui/utils": {
      "version": "4.9.12",
      "resolved": "https://registry.npmjs.org/@material-ui/utils/-/utils-4.9.12.tgz",
      "integrity": "sha512-/0rgZPEOcZq5CFA4+4n6Q6zk7fi8skHhH2Bcra8R3epoJEYy5PL55LuMazPtPH1oKeRausDV/Omz4BbgFsn1HQ==",
      "requires": {
        "@babel/runtime": "^7.4.4",
        "prop-types": "^15.7.2",
        "react-is": "^16.8.0"
      }
    },
    "@popperjs/core": {
      "version": "2.4.0",
      "resolved": "https://registry.npmjs.org/@popperjs/core/-/core-2.4.0.tgz",
      "integrity": "sha512-NMrDy6EWh9TPdSRiHmHH2ye1v5U0gBD7pRYwSwJvomx7Bm4GG04vu63dYiVzebLOx2obPpJugew06xVP0Nk7hA=="
    },
    "@restart/context": {
      "version": "2.1.4",
      "resolved": "https://registry.npmjs.org/@restart/context/-/context-2.1.4.tgz",
      "integrity": "sha512-INJYZQJP7g+IoDUh/475NlGiTeMfwTXUEr3tmRneckHIxNolGOW9CTq83S8cxq0CgJwwcMzMJFchxvlwe7Rk8Q=="
    },
    "@restart/hooks": {
      "version": "0.3.25",
      "resolved": "https://registry.npmjs.org/@restart/hooks/-/hooks-0.3.25.tgz",
      "integrity": "sha512-m2v3N5pxTsIiSH74/sb1yW8D9RxkJidGW+5Mfwn/lHb2QzhZNlaU1su7abSyT9EGf0xS/0waLjrf7/XxQHUk7w==",
      "requires": {
        "lodash": "^4.17.15",
        "lodash-es": "^4.17.15"
      }
    },
    "@types/prop-types": {
      "version": "15.7.3",
      "resolved": "https://registry.npmjs.org/@types/prop-types/-/prop-types-15.7.3.tgz",
      "integrity": "sha512-KfRL3PuHmqQLOG+2tGpRO26Ctg+Cq1E01D2DMriKEATHgWLfeNDmq9e29Q9WIky0dQ3NPkd1mzYH8Lm936Z9qw=="
    },
    "@types/react": {
      "version": "16.9.35",
      "resolved": "https://registry.npmjs.org/@types/react/-/react-16.9.35.tgz",
      "integrity": "sha512-q0n0SsWcGc8nDqH2GJfWQWUOmZSJhXV64CjVN5SvcNti3TdEaA3AH0D8DwNmMdzjMAC/78tB8nAZIlV8yTz+zQ==",
      "requires": {
        "@types/prop-types": "*",
        "csstype": "^2.2.0"
      }
    },
    "@types/react-transition-group": {
      "version": "4.2.4",
      "resolved": "https://registry.npmjs.org/@types/react-transition-group/-/react-transition-group-4.2.4.tgz",
      "integrity": "sha512-8DMUaDqh0S70TjkqU0DxOu80tFUiiaS9rxkWip/nb7gtvAsbqOXm02UCmR8zdcjWujgeYPiPNTVpVpKzUDotwA==",
      "requires": {
        "@types/react": "*"
      }
    },
    "@types/warning": {
      "version": "3.0.0",
      "resolved": "https://registry.npmjs.org/@types/warning/-/warning-3.0.0.tgz",
      "integrity": "sha1-DSUBJorY+ZYrdA04fEZU9fjiPlI="
    },
    "asap": {
      "version": "2.0.6",
      "resolved": "https://registry.npmjs.org/asap/-/asap-2.0.6.tgz",
      "integrity": "sha1-5QNHYR1+aQlDIIu9r+vLwvuGbUY="
    },
    "axios": {
      "version": "0.19.2",
      "resolved": "https://registry.npmjs.org/axios/-/axios-0.19.2.tgz",
      "integrity": "sha512-fjgm5MvRHLhx+osE2xoekY70AhARk3a6hkN+3Io1jc00jtquGvxYlKlsFUhmUET0V5te6CcZI7lcv2Ym61mjHA==",
      "requires": {
        "follow-redirects": "1.5.10"
      }
    },
    "babel-runtime": {
      "version": "6.26.0",
      "resolved": "https://registry.npmjs.org/babel-runtime/-/babel-runtime-6.26.0.tgz",
      "integrity": "sha1-llxwWGaOgrVde/4E/yM3vItWR/4=",
      "requires": {
        "core-js": "^2.4.0",
        "regenerator-runtime": "^0.11.0"
      },
      "dependencies": {
        "regenerator-runtime": {
          "version": "0.11.1",
          "resolved": "https://registry.npmjs.org/regenerator-runtime/-/regenerator-runtime-0.11.1.tgz",
          "integrity": "sha512-MguG95oij0fC3QV3URf4V2SDYGJhJnJGqvIIgdECeODCT98wSWDAJ94SSuVpYQUoTcGUIL6L4yNB7j1DFFHSBg=="
        }
      }
    },
    "bootstrap": {
      "version": "4.5.0",
      "resolved": "https://registry.npmjs.org/bootstrap/-/bootstrap-4.5.0.tgz",
      "integrity": "sha512-Z93QoXvodoVslA+PWNdk23Hze4RBYIkpb5h8I2HY2Tu2h7A0LpAgLcyrhrSUyo2/Oxm2l1fRZPs1e5hnxnliXA=="
    },
    "bowser": {
      "version": "1.9.4",
      "resolved": "https://registry.npmjs.org/bowser/-/bowser-1.9.4.tgz",
      "integrity": "sha512-9IdMmj2KjigRq6oWhmwv1W36pDuA4STQZ8q6YO9um+x07xgYNCD3Oou+WP/3L1HNz7iqythGet3/p4wvc8AAwQ=="
    },
    "chain-function": {
      "version": "1.0.1",
      "resolved": "https://registry.npmjs.org/chain-function/-/chain-function-1.0.1.tgz",
      "integrity": "sha512-SxltgMwL9uCko5/ZCLiyG2B7R9fY4pDZUw7hJ4MhirdjBLosoDqkWABi3XMucddHdLiFJMb7PD2MZifZriuMTg=="
    },
    "change-emitter": {
      "version": "0.1.6",
      "resolved": "https://registry.npmjs.org/change-emitter/-/change-emitter-0.1.6.tgz",
      "integrity": "sha1-6LL+PX8at9aaMhma/5HqaTFAlRU="
    },
    "classnames": {
      "version": "2.2.6",
      "resolved": "https://registry.npmjs.org/classnames/-/classnames-2.2.6.tgz",
      "integrity": "sha512-JR/iSQOSt+LQIWwrwEzJ9uk0xfN3mTVYMwt1Ir5mUcSN6pU+V4zQFFaJsclJbPuAUQH+yfWef6tm7l1quW3C8Q=="
    },
    "clsx": {
      "version": "1.1.0",
      "resolved": "https://registry.npmjs.org/clsx/-/clsx-1.1.0.tgz",
      "integrity": "sha512-3avwM37fSK5oP6M5rQ9CNe99lwxhXDOeSWVPAOYF6OazUTgZCMb0yWlJpmdD74REy1gkEaFiub2ULv4fq9GUhA=="
    },
    "core-js": {
      "version": "2.6.11",
      "resolved": "https://registry.npmjs.org/core-js/-/core-js-2.6.11.tgz",
      "integrity": "sha512-5wjnpaT/3dV+XB4borEsnAYQchn00XSgTAWKDkEqv+K8KevjbzmofK6hfJ9TZIlpj2N0xQpazy7PiRQiWHqzWg=="
    },
    "css-in-js-utils": {
      "version": "2.0.1",
      "resolved": "https://registry.npmjs.org/css-in-js-utils/-/css-in-js-utils-2.0.1.tgz",
      "integrity": "sha512-PJF0SpJT+WdbVVt0AOYp9C8GnuruRlL/UFW7932nLWmFLQTaWEzTBQEx7/hn4BuV+WON75iAViSUJLiU3PKbpA==",
      "requires": {
        "hyphenate-style-name": "^1.0.2",
        "isobject": "^3.0.1"
      }
    },
    "css-vendor": {
      "version": "2.0.8",
      "resolved": "https://registry.npmjs.org/css-vendor/-/css-vendor-2.0.8.tgz",
      "integrity": "sha512-x9Aq0XTInxrkuFeHKbYC7zWY8ai7qJ04Kxd9MnvbC1uO5DagxoHQjm4JvG+vCdXOoFtCjbL2XSZfxmoYa9uQVQ==",
      "requires": {
        "@babel/runtime": "^7.8.3",
        "is-in-browser": "^1.0.2"
      }
    },
    "csstype": {
      "version": "2.6.10",
      "resolved": "https://registry.npmjs.org/csstype/-/csstype-2.6.10.tgz",
      "integrity": "sha512-D34BqZU4cIlMCY93rZHbrq9pjTAQJ3U8S8rfBqjwHxkGPThWFjzZDQpgMJY0QViLxth6ZKYiwFBo14RdN44U/w=="
    },
    "debug": {
      "version": "3.1.0",
      "resolved": "https://registry.npmjs.org/debug/-/debug-3.1.0.tgz",
      "integrity": "sha512-OX8XqP7/1a9cqkxYw2yXss15f26NKWBpDXQd0/uK/KPqdQhxbPa994hnzjcE2VqQpDslf55723cKPUOGSmMY3g==",
      "requires": {
        "ms": "2.0.0"
      }
    },
    "dom-helpers": {
      "version": "5.1.4",
      "resolved": "https://registry.npmjs.org/dom-helpers/-/dom-helpers-5.1.4.tgz",
      "integrity": "sha512-TjMyeVUvNEnOnhzs6uAn9Ya47GmMo3qq7m+Lr/3ON0Rs5kHvb8I+SQYjLUSYn7qhEm0QjW0yrBkvz9yOrwwz1A==",
      "requires": {
        "@babel/runtime": "^7.8.7",
        "csstype": "^2.6.7"
      }
    },
    "encoding": {
      "version": "0.1.12",
      "resolved": "https://registry.npmjs.org/encoding/-/encoding-0.1.12.tgz",
      "integrity": "sha1-U4tm8+5izRq1HsMjgp0flIDHS+s=",
      "requires": {
        "iconv-lite": "~0.4.13"
      }
    },
    "fbjs": {
      "version": "0.8.17",
      "resolved": "https://registry.npmjs.org/fbjs/-/fbjs-0.8.17.tgz",
      "integrity": "sha1-xNWY6taUkRJlPWWIsBpc3Nn5D90=",
      "requires": {
        "core-js": "^1.0.0",
        "isomorphic-fetch": "^2.1.1",
        "loose-envify": "^1.0.0",
        "object-assign": "^4.1.0",
        "promise": "^7.1.1",
        "setimmediate": "^1.0.5",
        "ua-parser-js": "^0.7.18"
      },
      "dependencies": {
        "core-js": {
          "version": "1.2.7",
          "resolved": "https://registry.npmjs.org/core-js/-/core-js-1.2.7.tgz",
          "integrity": "sha1-ZSKUwUZR2yj6k70tX/KYOk8IxjY="
        }
      }
    },
    "follow-redirects": {
      "version": "1.5.10",
      "resolved": "https://registry.npmjs.org/follow-redirects/-/follow-redirects-1.5.10.tgz",
      "integrity": "sha512-0V5l4Cizzvqt5D44aTXbFZz+FtyXV1vrDN6qrelxtfYQKW0KO0W2T/hkE8xvGa/540LkZlkaUjO4ailYTFtHVQ==",
      "requires": {
        "debug": "=3.1.0"
      }
    },
    "hoist-non-react-statics": {
      "version": "2.5.5",
      "resolved": "https://registry.npmjs.org/hoist-non-react-statics/-/hoist-non-react-statics-2.5.5.tgz",
      "integrity": "sha512-rqcy4pJo55FTTLWt+bU8ukscqHeE/e9KWvsOW2b/a3afxQZhwkQdT1rPPCJ0rYXdj4vNcasY8zHTH+jF/qStxw=="
    },
    "hyphenate-style-name": {
      "version": "1.0.3",
      "resolved": "https://registry.npmjs.org/hyphenate-style-name/-/hyphenate-style-name-1.0.3.tgz",
      "integrity": "sha512-EcuixamT82oplpoJ2XU4pDtKGWQ7b00CD9f1ug9IaQ3p1bkHMiKCZ9ut9QDI6qsa6cpUuB+A/I+zLtdNK4n2DQ=="
    },
    "iconv-lite": {
      "version": "0.4.24",
      "resolved": "https://registry.npmjs.org/iconv-lite/-/iconv-lite-0.4.24.tgz",
      "integrity": "sha512-v3MXnZAcvnywkTUEZomIActle7RXXeedOR31wwl7VlyoXO4Qi9arvSenNQWne1TcRwhCL1HwLI21bEqdpj8/rA==",
      "requires": {
        "safer-buffer": ">= 2.1.2 < 3"
      }
    },
    "inline-style-prefixer": {
      "version": "3.0.8",
      "resolved": "https://registry.npmjs.org/inline-style-prefixer/-/inline-style-prefixer-3.0.8.tgz",
      "integrity": "sha1-hVG45bTVcyROZqNLBPfTIHaitTQ=",
      "requires": {
        "bowser": "^1.7.3",
        "css-in-js-utils": "^2.0.0"
      }
    },
    "invariant": {
      "version": "2.2.4",
      "resolved": "https://registry.npmjs.org/invariant/-/invariant-2.2.4.tgz",
      "integrity": "sha512-phJfQVBuaJM5raOpJjSfkiD6BpbCE4Ns//LaXl6wGYtUBY83nWS6Rf9tXm2e8VaK60JEjYldbPif/A2B1C2gNA==",
      "requires": {
        "loose-envify": "^1.0.0"
      }
    },
    "is-in-browser": {
      "version": "1.1.3",
      "resolved": "https://registry.npmjs.org/is-in-browser/-/is-in-browser-1.1.3.tgz",
      "integrity": "sha1-Vv9NtoOgeMYILrldrX3GLh0E+DU="
    },
    "is-stream": {
      "version": "1.1.0",
      "resolved": "https://registry.npmjs.org/is-stream/-/is-stream-1.1.0.tgz",
      "integrity": "sha1-EtSj3U5o4Lec6428hBc66A2RykQ="
    },
    "isobject": {
      "version": "3.0.1",
      "resolved": "https://registry.npmjs.org/isobject/-/isobject-3.0.1.tgz",
      "integrity": "sha1-TkMekrEalzFjaqH5yNHMvP2reN8="
    },
    "isomorphic-fetch": {
      "version": "2.2.1",
      "resolved": "https://registry.npmjs.org/isomorphic-fetch/-/isomorphic-fetch-2.2.1.tgz",
      "integrity": "sha1-YRrhrPFPXoH3KVB0coGf6XM1WKk=",
      "requires": {
        "node-fetch": "^1.0.1",
        "whatwg-fetch": ">=0.10.0"
      }
    },
    "js-tokens": {
      "version": "4.0.0",
      "resolved": "https://registry.npmjs.org/js-tokens/-/js-tokens-4.0.0.tgz",
      "integrity": "sha512-RdJUflcE3cUzKiMqQgsCu06FPu9UdIJO0beYbPhHN4k6apgJtifcoCtT9bcxOpYBtpD2kCM6Sbzg4CausW/PKQ=="
    },
    "jss": {
      "version": "10.1.1",
      "resolved": "https://registry.npmjs.org/jss/-/jss-10.1.1.tgz",
      "integrity": "sha512-Xz3qgRUFlxbWk1czCZibUJqhVPObrZHxY3FPsjCXhDld4NOj1BgM14Ir5hVm+Qr6OLqVljjGvoMcCdXNOAbdkQ==",
      "requires": {
        "@babel/runtime": "^7.3.1",
        "csstype": "^2.6.5",
        "is-in-browser": "^1.1.3",
        "tiny-warning": "^1.0.2"
      }
    },
    "jss-plugin-camel-case": {
      "version": "10.1.1",
      "resolved": "https://registry.npmjs.org/jss-plugin-camel-case/-/jss-plugin-camel-case-10.1.1.tgz",
      "integrity": "sha512-MDIaw8FeD5uFz1seQBKz4pnvDLnj5vIKV5hXSVdMaAVq13xR6SVTVWkIV/keyTs5txxTvzGJ9hXoxgd1WTUlBw==",
      "requires": {
        "@babel/runtime": "^7.3.1",
        "hyphenate-style-name": "^1.0.3",
        "jss": "10.1.1"
      }
    },
    "jss-plugin-default-unit": {
      "version": "10.1.1",
      "resolved": "https://registry.npmjs.org/jss-plugin-default-unit/-/jss-plugin-default-unit-10.1.1.tgz",
      "integrity": "sha512-UkeVCA/b3QEA4k0nIKS4uWXDCNmV73WLHdh2oDGZZc3GsQtlOCuiH3EkB/qI60v2MiCq356/SYWsDXt21yjwdg==",
      "requires": {
        "@babel/runtime": "^7.3.1",
        "jss": "10.1.1"
      }
    },
    "jss-plugin-global": {
      "version": "10.1.1",
      "resolved": "https://registry.npmjs.org/jss-plugin-global/-/jss-plugin-global-10.1.1.tgz",
      "integrity": "sha512-VBG3wRyi3Z8S4kMhm8rZV6caYBegsk+QnQZSVmrWw6GVOT/Z4FA7eyMu5SdkorDlG/HVpHh91oFN56O4R9m2VA==",
      "requires": {
        "@babel/runtime": "^7.3.1",
        "jss": "10.1.1"
      }
    },
    "jss-plugin-nested": {
      "version": "10.1.1",
      "resolved": "https://registry.npmjs.org/jss-plugin-nested/-/jss-plugin-nested-10.1.1.tgz",
      "integrity": "sha512-ozEu7ZBSVrMYxSDplPX3H82XHNQk2DQEJ9TEyo7OVTPJ1hEieqjDFiOQOxXEj9z3PMqkylnUbvWIZRDKCFYw5Q==",
      "requires": {
        "@babel/runtime": "^7.3.1",
        "jss": "10.1.1",
        "tiny-warning": "^1.0.2"
      }
    },
    "jss-plugin-props-sort": {
      "version": "10.1.1",
      "resolved": "https://registry.npmjs.org/jss-plugin-props-sort/-/jss-plugin-props-sort-10.1.1.tgz",
      "integrity": "sha512-g/joK3eTDZB4pkqpZB38257yD4LXB0X15jxtZAGbUzcKAVUHPl9Jb47Y7lYmiGsShiV4YmQRqG1p2DHMYoK91g==",
      "requires": {
        "@babel/runtime": "^7.3.1",
        "jss": "10.1.1"
      }
    },
    "jss-plugin-rule-value-function": {
      "version": "10.1.1",
      "resolved": "https://registry.npmjs.org/jss-plugin-rule-value-function/-/jss-plugin-rule-value-function-10.1.1.tgz",
      "integrity": "sha512-ClV1lvJ3laU9la1CUzaDugEcwnpjPTuJ0yGy2YtcU+gG/w9HMInD5vEv7xKAz53Bk4WiJm5uLOElSEshHyhKNw==",
      "requires": {
        "@babel/runtime": "^7.3.1",
        "jss": "10.1.1"
      }
    },
    "jss-plugin-vendor-prefixer": {
      "version": "10.1.1",
      "resolved": "https://registry.npmjs.org/jss-plugin-vendor-prefixer/-/jss-plugin-vendor-prefixer-10.1.1.tgz",
      "integrity": "sha512-09MZpQ6onQrhaVSF6GHC4iYifQ7+4YC/tAP6D4ZWeZotvCMq1mHLqNKRIaqQ2lkgANjlEot2JnVi1ktu4+L4pw==",
      "requires": {
        "@babel/runtime": "^7.3.1",
        "css-vendor": "^2.0.7",
        "jss": "10.1.1"
      }
    },
    "keycode": {
      "version": "2.2.0",
      "resolved": "https://registry.npmjs.org/keycode/-/keycode-2.2.0.tgz",
      "integrity": "sha1-PQr1bce4uOXLqNCpfxByBO7CKwQ="
    },
    "lodash": {
      "version": "4.17.15",
      "resolved": "https://registry.npmjs.org/lodash/-/lodash-4.17.15.tgz",
      "integrity": "sha512-8xOcRHvCjnocdS5cpwXQXVzmmh5e5+saE2QGoeQmbKmRS6J3VQppPOIt0MnmE+4xlZoumy0GPG0D0MVIQbNA1A=="
    },
    "lodash-es": {
      "version": "4.17.15",
      "resolved": "https://registry.npmjs.org/lodash-es/-/lodash-es-4.17.15.tgz",
      "integrity": "sha512-rlrc3yU3+JNOpZ9zj5pQtxnx2THmvRykwL4Xlxoa8I9lHBlVbbyPhgyPMioxVZ4NqyxaVVtaJnzsyOidQIhyyQ=="
    },
    "lodash.merge": {
      "version": "4.6.2",
      "resolved": "https://registry.npmjs.org/lodash.merge/-/lodash.merge-4.6.2.tgz",
      "integrity": "sha512-0KpjqXRVvrYyCsX1swR/XTK0va6VQkQM6MNo7PqW77ByjAhoARA8EfrP1N4+KlKj8YS0ZUCtRT/YUuhyYDujIQ=="
    },
    "lodash.throttle": {
      "version": "4.1.1",
      "resolved": "https://registry.npmjs.org/lodash.throttle/-/lodash.throttle-4.1.1.tgz",
      "integrity": "sha1-wj6RtxAkKscMN/HhzaknTMOb8vQ="
    },
    "loose-envify": {
      "version": "1.4.0",
      "resolved": "https://registry.npmjs.org/loose-envify/-/loose-envify-1.4.0.tgz",
      "integrity": "sha512-lyuxPGr/Wfhrlem2CL/UcnUc1zcqKAImBDzukY7Y5F/yQiNdko6+fRLevlw1HgMySw7f611UIY408EtxRSoK3Q==",
      "requires": {
        "js-tokens": "^3.0.0 || ^4.0.0"
      }
    },
    "material-ui": {
      "version": "0.20.2",
      "resolved": "https://registry.npmjs.org/material-ui/-/material-ui-0.20.2.tgz",
      "integrity": "sha512-VeqgQkdvtK193w+FFvXDEwlVxI4rWk83eWbpYLeOIHDPWr3rbB9B075JRnJt/8IsI2X8q5Aia5W3+7m4KkleDg==",
      "requires": {
        "babel-runtime": "^6.23.0",
        "inline-style-prefixer": "^3.0.8",
        "keycode": "^2.1.8",
        "lodash.merge": "^4.6.0",
        "lodash.throttle": "^4.1.1",
        "prop-types": "^15.5.7",
        "react-event-listener": "^0.6.2",
        "react-transition-group": "^1.2.1",
        "recompose": "^0.26.0",
        "simple-assign": "^0.1.0",
        "warning": "^3.0.0"
      },
      "dependencies": {
        "dom-helpers": {
          "version": "3.4.0",
          "resolved": "https://registry.npmjs.org/dom-helpers/-/dom-helpers-3.4.0.tgz",
          "integrity": "sha512-LnuPJ+dwqKDIyotW1VzmOZ5TONUN7CwkCR5hrgawTUbkBGYdeoNLZo6nNfGkCrjtE1nXXaj7iMMpDa8/d9WoIA==",
          "requires": {
            "@babel/runtime": "^7.1.2"
          }
        },
        "react-transition-group": {
          "version": "1.2.1",
          "resolved": "https://registry.npmjs.org/react-transition-group/-/react-transition-group-1.2.1.tgz",
          "integrity": "sha512-CWaL3laCmgAFdxdKbhhps+c0HRGF4c+hdM4H23+FI1QBNUyx/AMeIJGWorehPNSaKnQNOAxL7PQmqMu78CDj3Q==",
          "requires": {
            "chain-function": "^1.0.0",
            "dom-helpers": "^3.2.0",
            "loose-envify": "^1.3.1",
            "prop-types": "^15.5.6",
            "warning": "^3.0.0"
          }
        },
        "warning": {
          "version": "3.0.0",
          "resolved": "https://registry.npmjs.org/warning/-/warning-3.0.0.tgz",
          "integrity": "sha1-MuU3fLVy3kqwR1O9+IIcAe1gW3w=",
          "requires": {
            "loose-envify": "^1.0.0"
          }
        }
      }
    },
    "ms": {
      "version": "2.0.0",
      "resolved": "https://registry.npmjs.org/ms/-/ms-2.0.0.tgz",
      "integrity": "sha1-VgiurfwAvmwpAd9fmGF4jeDVl8g="
    },
    "node-fetch": {
      "version": "1.7.3",
      "resolved": "https://registry.npmjs.org/node-fetch/-/node-fetch-1.7.3.tgz",
      "integrity": "sha512-NhZ4CsKx7cYm2vSrBAr2PvFOe6sWDf0UYLRqA6svUYg7+/TSfVAu49jYC4BvQ4Sms9SZgdqGBgroqfDhJdTyKQ==",
      "requires": {
        "encoding": "^0.1.11",
        "is-stream": "^1.0.1"
      }
    },
    "object-assign": {
      "version": "4.1.1",
      "resolved": "https://registry.npmjs.org/object-assign/-/object-assign-4.1.1.tgz",
      "integrity": "sha1-IQmtx5ZYh8/AXLvUQsrIv7s2CGM="
    },
    "popper.js": {
      "version": "1.16.1",
      "resolved": "https://registry.npmjs.org/popper.js/-/popper.js-1.16.1.tgz",
      "integrity": "sha512-Wb4p1J4zyFTbM+u6WuO4XstYx4Ky9Cewe4DWrel7B0w6VVICvPwdOpotjzcf6eD8TsckVnIMNONQyPIUFOUbCQ=="
    },
    "promise": {
      "version": "7.3.1",
      "resolved": "https://registry.npmjs.org/promise/-/promise-7.3.1.tgz",
      "integrity": "sha512-nolQXZ/4L+bP/UGlkfaIujX9BKxGwmQ9OT4mOt5yvy8iK1h3wqTEJCijzGANTCCl9nWjY41juyAn2K3Q1hLLTg==",
      "requires": {
        "asap": "~2.0.3"
      }
    },
    "prop-types": {
      "version": "15.7.2",
      "resolved": "https://registry.npmjs.org/prop-types/-/prop-types-15.7.2.tgz",
      "integrity": "sha512-8QQikdH7//R2vurIJSutZ1smHYTcLpRWEOlHnzcWHmBYrOGUysKwSsrC89BCiFj3CbrfJ/nXFdJepOVrY1GCHQ==",
      "requires": {
        "loose-envify": "^1.4.0",
        "object-assign": "^4.1.1",
        "react-is": "^16.8.1"
      }
    },
    "prop-types-extra": {
      "version": "1.1.1",
      "resolved": "https://registry.npmjs.org/prop-types-extra/-/prop-types-extra-1.1.1.tgz",
      "integrity": "sha512-59+AHNnHYCdiC+vMwY52WmvP5dM3QLeoumYuEyceQDi9aEhtwN9zIQ2ZNo25sMyXnbh32h+P1ezDsUpUH3JAew==",
      "requires": {
        "react-is": "^16.3.2",
        "warning": "^4.0.0"
      }
    },
    "react-bootstrap": {
      "version": "1.0.1",
      "resolved": "https://registry.npmjs.org/react-bootstrap/-/react-bootstrap-1.0.1.tgz",
      "integrity": "sha512-xMHwsvDN7sIv26P9wWiosWjITZije2dRCjEJHVfV2KFoSJY+8uv2zttEw0XMB7xviQcW3zuIGLJXuj8vf6lYEg==",
      "requires": {
        "@babel/runtime": "^7.4.2",
        "@restart/context": "^2.1.4",
        "@restart/hooks": "^0.3.21",
        "@types/react": "^16.9.23",
        "classnames": "^2.2.6",
        "dom-helpers": "^5.1.2",
        "invariant": "^2.2.4",
        "prop-types": "^15.7.2",
        "prop-types-extra": "^1.1.0",
        "react-overlays": "^3.1.2",
        "react-transition-group": "^4.0.0",
        "uncontrollable": "^7.0.0",
        "warning": "^4.0.3"
      }
    },
    "react-event-listener": {
      "version": "0.6.6",
      "resolved": "https://registry.npmjs.org/react-event-listener/-/react-event-listener-0.6.6.tgz",
      "integrity": "sha512-+hCNqfy7o9wvO6UgjqFmBzARJS7qrNoda0VqzvOuioEpoEXKutiKuv92dSz6kP7rYLmyHPyYNLesi5t/aH1gfw==",
      "requires": {
        "@babel/runtime": "^7.2.0",
        "prop-types": "^15.6.0",
        "warning": "^4.0.1"
      }
    },
    "react-is": {
      "version": "16.13.1",
      "resolved": "https://registry.npmjs.org/react-is/-/react-is-16.13.1.tgz",
      "integrity": "sha512-24e6ynE2H+OKt4kqsOvNd8kBpV65zoxbA4BVsEOB3ARVWQki/DHzaUoC5KuON/BiccDaCCTZBuOcfZs70kR8bQ=="
    },
    "react-lifecycles-compat": {
      "version": "3.0.4",
      "resolved": "https://registry.npmjs.org/react-lifecycles-compat/-/react-lifecycles-compat-3.0.4.tgz",
      "integrity": "sha512-fBASbA6LnOU9dOU2eW7aQ8xmYBSXUIWr+UmF9b1efZBazGNO+rcXT/icdKnYm2pTwcRylVUYwW7H1PHfLekVzA=="
    },
    "react-overlays": {
      "version": "3.2.0",
      "resolved": "https://registry.npmjs.org/react-overlays/-/react-overlays-3.2.0.tgz",
      "integrity": "sha512-YTgCmw6l4uBOYylSnc3V8WLX+A0EoGnzDrqkYz0K7MUKbMBZFpaxLXH4EF9eZbspd+syZHQ5XAABI7n/zak1EA==",
      "requires": {
        "@babel/runtime": "^7.4.5",
        "@popperjs/core": "^2.0.0",
        "@restart/hooks": "^0.3.12",
        "@types/warning": "^3.0.0",
        "dom-helpers": "^5.1.0",
        "prop-types": "^15.7.2",
        "uncontrollable": "^7.0.0",
        "warning": "^4.0.3"
      }
    },
    "react-tap-event-plugin": {
      "version": "3.0.3",
      "resolved": "https://registry.npmjs.org/react-tap-event-plugin/-/react-tap-event-plugin-3.0.3.tgz",
      "integrity": "sha1-vF/Q7j/Tq1IkwcL/bwdQIEromAI=",
      "requires": {
        "fbjs": "^0.8.6"
      }
    },
    "react-transition-group": {
      "version": "4.4.1",
      "resolved": "https://registry.npmjs.org/react-transition-group/-/react-transition-group-4.4.1.tgz",
      "integrity": "sha512-Djqr7OQ2aPUiYurhPalTrVy9ddmFCCzwhqQmtN+J3+3DzLO209Fdr70QrN8Z3DsglWql6iY1lDWAfpFiBtuKGw==",
      "requires": {
        "@babel/runtime": "^7.5.5",
        "dom-helpers": "^5.0.1",
        "loose-envify": "^1.4.0",
        "prop-types": "^15.6.2"
      }
    },
    "recompose": {
      "version": "0.26.0",
      "resolved": "https://registry.npmjs.org/recompose/-/recompose-0.26.0.tgz",
      "integrity": "sha512-KwOu6ztO0mN5vy3+zDcc45lgnaUoaQse/a5yLVqtzTK13czSWnFGmXbQVmnoMgDkI5POd1EwIKSbjU1V7xdZog==",
      "requires": {
        "change-emitter": "^0.1.2",
        "fbjs": "^0.8.1",
        "hoist-non-react-statics": "^2.3.1",
        "symbol-observable": "^1.0.4"
      }
    },
    "regenerator-runtime": {
      "version": "0.13.5",
      "resolved": "https://registry.npmjs.org/regenerator-runtime/-/regenerator-runtime-0.13.5.tgz",
      "integrity": "sha512-ZS5w8CpKFinUzOwW3c83oPeVXoNsrLsaCoLtJvAClH135j/R77RuymhiSErhm2lKcwSCIpmvIWSbDkIfAqKQlA=="
    },
    "safer-buffer": {
      "version": "2.1.2",
      "resolved": "https://registry.npmjs.org/safer-buffer/-/safer-buffer-2.1.2.tgz",
      "integrity": "sha512-YZo3K82SD7Riyi0E1EQPojLz7kpepnSQI9IyPbHHg1XXXevb5dJI7tpyN2ADxGcQbHG7vcyRHk0cbwqcQriUtg=="
    },
    "setimmediate": {
      "version": "1.0.5",
      "resolved": "https://registry.npmjs.org/setimmediate/-/setimmediate-1.0.5.tgz",
      "integrity": "sha1-KQy7Iy4waULX1+qbg3Mqt4VvgoU="
    },
    "simple-assign": {
      "version": "0.1.0",
      "resolved": "https://registry.npmjs.org/simple-assign/-/simple-assign-0.1.0.tgz",
      "integrity": "sha1-F/0wZqXz13OPUDIbsPFMooHMS6o="
    },
    "symbol-observable": {
      "version": "1.2.0",
      "resolved": "https://registry.npmjs.org/symbol-observable/-/symbol-observable-1.2.0.tgz",
      "integrity": "sha512-e900nM8RRtGhlV36KGEU9k65K3mPb1WV70OdjfxlG2EAuM1noi/E/BaW/uMhL7bPEssK8QV57vN3esixjUvcXQ=="
    },
    "tiny-warning": {
      "version": "1.0.3",
      "resolved": "https://registry.npmjs.org/tiny-warning/-/tiny-warning-1.0.3.tgz",
      "integrity": "sha512-lBN9zLN/oAf68o3zNXYrdCt1kP8WsiGW8Oo2ka41b2IM5JL/S1CTyX1rW0mb/zSuJun0ZUrDxx4sqvYS2FWzPA=="
    },
    "ua-parser-js": {
      "version": "0.7.21",
      "resolved": "https://registry.npmjs.org/ua-parser-js/-/ua-parser-js-0.7.21.tgz",
      "integrity": "sha512-+O8/qh/Qj8CgC6eYBVBykMrNtp5Gebn4dlGD/kKXVkJNDwyrAwSIqwz8CDf+tsAIWVycKcku6gIXJ0qwx/ZXaQ=="
    },
    "uncontrollable": {
      "version": "7.1.1",
      "resolved": "https://registry.npmjs.org/uncontrollable/-/uncontrollable-7.1.1.tgz",
      "integrity": "sha512-EcPYhot3uWTS3w00R32R2+vS8Vr53tttrvMj/yA1uYRhf8hbTG2GyugGqWDY0qIskxn0uTTojVd6wPYW9ZEf8Q==",
      "requires": {
        "@babel/runtime": "^7.6.3",
        "@types/react": "^16.9.11",
        "invariant": "^2.2.4",
        "react-lifecycles-compat": "^3.0.4"
      }
    },
    "warning": {
      "version": "4.0.3",
      "resolved": "https://registry.npmjs.org/warning/-/warning-4.0.3.tgz",
      "integrity": "sha512-rpJyN222KWIvHJ/F53XSZv0Zl/accqHR8et1kpaMTD/fLCRxtV8iX8czMzY7sVZupTI3zcUTg8eycS2kNF9l6w==",
      "requires": {
        "loose-envify": "^1.0.0"
      }
    },
    "whatwg-fetch": {
      "version": "3.0.0",
      "resolved": "https://registry.npmjs.org/whatwg-fetch/-/whatwg-fetch-3.0.0.tgz",
      "integrity": "sha512-9GSJUgz1D4MfyKU7KRqwOjXCXTqWdFNvEr7eUBYchQiVc744mqK/MzXPNR2WsPkmkOa4ywfg8C2n8h+13Bey1Q=="
    }
  }
}
