
Microsoft Visual Studio Solution File, Format Version 12.00
# Visual Studio Version 16
VisualStudioVersion = 16.0.29609.76
MinimumVisualStudioVersion = 10.0.40219.1
Project("{FAE04EC0-301F-11D3-BF4B-00C04F79EFBC}") = "ReactCore", "ReactCore.csproj", "{05B23F32-DC18-40C6-AD6E-A9DDE0C25228}"
EndProject
Global
	GlobalSection(SolutionConfigurationPlatforms) = preSolution
		Debug|Any CPU = Debug|Any CPU
		Release|Any CPU = Release|Any CPU
	EndGlobalSection
	GlobalSection(ProjectConfigurationPlatforms) = postSolution
		{05B23F32-DC18-40C6-AD6E-A9DDE0C25228}.Debug|Any CPU.ActiveCfg = Debug|Any CPU
		{05B23F32-DC18-40C6-AD6E-A9DDE0C25228}.Debug|Any CPU.Build.0 = Debug|Any CPU
		{05B23F32-DC18-40C6-AD6E-A9DDE0C25228}.Release|Any CPU.ActiveCfg = Release|Any CPU
		{05B23F32-DC18-40C6-AD6E-A9DDE0C25228}.Release|Any CPU.Build.0 = Release|Any CPU
	EndGlobalSection
	GlobalSection(SolutionProperties) = preSolution
		HideSolutionNode = FALSE
	EndGlobalSection
	GlobalSection(ExtensibilityGlobals) = postSolution
		SolutionGuid = {6A304EEB-071D-41FF-8F55-FF6BB364B54C}
	EndGlobalSection
EndGlobal
